
Microsoft Visual Studio Solution File, Format Version 12.00
# Visual Studio Version 17
VisualStudioVersion = 17.5.33424.131
MinimumVisualStudioVersion = 10.0.40219.1
Project("{9A19103F-16F7-4668-BE54-9A1E7A4F7556}") = "JwtAuthDemo", "JwtAuthDemo\JwtAuthDemo.csproj", "{FF3489B9-D4CD-4A66-9CAD-D80176EED2B3}"
EndProject
Project("{9A19103F-16F7-4668-BE54-9A1E7A4F7556}") = "ApiKeyAuthDemo", "ApiKeyAuthDemo\ApiKeyAuthDemo.csproj", "{A4366A76-D3D3-4F3D-93DF-B8A548C71CFD}"
EndProject
Project("{9A19103F-16F7-4668-BE54-9A1E7A4F7556}") = "ApiKeyMiddlewareAuthDemo", "ApiKeyMiddlewareAuthDemo\ApiKeyMiddlewareAuthDemo.csproj", "{426D7F6C-BDD5-4B9B-B1EB-824D75104B69}"
EndProject
Project("{9A19103F-16F7-4668-BE54-9A1E7A4F7556}") = "ApiKeyAuthFilterDemo", "ApiKeyAuthFilterDemo\ApiKeyAuthFilterDemo.csproj", "{47510D69-5020-430B-A927-C62289501956}"
EndProject
Project("{9A19103F-16F7-4668-BE54-9A1E7A4F7556}") = "CombinedAuthDemo", "CombinedAuthDemo\CombinedAuthDemo.csproj", "{20333B2E-58DB-46D0-9994-71FC200A4327}"
EndProject
Project("{9A19103F-16F7-4668-BE54-9A1E7A4F7556}") = "CertAuthDemo", "CertAuthDemo\CertAuthDemo.csproj", "{49695D9F-1749-41F4-9579-9C0A6F10D249}"
EndProject
Global
	GlobalSection(SolutionConfigurationPlatforms) = preSolution
		Debug|Any CPU = Debug|Any CPU
		Release|Any CPU = Release|Any CPU
	EndGlobalSection
	GlobalSection(ProjectConfigurationPlatforms) = postSolution
		{FF3489B9-D4CD-4A66-9CAD-D80176EED2B3}.Debug|Any CPU.ActiveCfg = Debug|Any CPU
		{FF3489B9-D4CD-4A66-9CAD-D80176EED2B3}.Debug|Any CPU.Build.0 = Debug|Any CPU
		{FF3489B9-D4CD-4A66-9CAD-D80176EED2B3}.Release|Any CPU.ActiveCfg = Release|Any CPU
		{FF3489B9-D4CD-4A66-9CAD-D80176EED2B3}.Release|Any CPU.Build.0 = Release|Any CPU
		{A4366A76-D3D3-4F3D-93DF-B8A548C71CFD}.Debug|Any CPU.ActiveCfg = Debug|Any CPU
		{A4366A76-D3D3-4F3D-93DF-B8A548C71CFD}.Debug|Any CPU.Build.0 = Debug|Any CPU
		{A4366A76-D3D3-4F3D-93DF-B8A548C71CFD}.Release|Any CPU.ActiveCfg = Release|Any CPU
		{A4366A76-D3D3-4F3D-93DF-B8A548C71CFD}.Release|Any CPU.Build.0 = Release|Any CPU
		{426D7F6C-BDD5-4B9B-B1EB-824D75104B69}.Debug|Any CPU.ActiveCfg = Debug|Any CPU
		{426D7F6C-BDD5-4B9B-B1EB-824D75104B69}.Debug|Any CPU.Build.0 = Debug|Any CPU
		{426D7F6C-BDD5-4B9B-B1EB-824D75104B69}.Release|Any CPU.ActiveCfg = Release|Any CPU
		{426D7F6C-BDD5-4B9B-B1EB-824D75104B69}.Release|Any CPU.Build.0 = Release|Any CPU
		{47510D69-5020-430B-A927-C62289501956}.Debug|Any CPU.ActiveCfg = Debug|Any CPU
		{47510D69-5020-430B-A927-C62289501956}.Debug|Any CPU.Build.0 = Debug|Any CPU
		{47510D69-5020-430B-A927-C62289501956}.Release|Any CPU.ActiveCfg = Release|Any CPU
		{47510D69-5020-430B-A927-C62289501956}.Release|Any CPU.Build.0 = Release|Any CPU
		{20333B2E-58DB-46D0-9994-71FC200A4327}.Debug|Any CPU.ActiveCfg = Debug|Any CPU
		{20333B2E-58DB-46D0-9994-71FC200A4327}.Debug|Any CPU.Build.0 = Debug|Any CPU
		{20333B2E-58DB-46D0-9994-71FC200A4327}.Release|Any CPU.ActiveCfg = Release|Any CPU
		{20333B2E-58DB-46D0-9994-71FC200A4327}.Release|Any CPU.Build.0 = Release|Any CPU
		{49695D9F-1749-41F4-9579-9C0A6F10D249}.Debug|Any CPU.ActiveCfg = Debug|Any CPU
		{49695D9F-1749-41F4-9579-9C0A6F10D249}.Debug|Any CPU.Build.0 = Debug|Any CPU
		{49695D9F-1749-41F4-9579-9C0A6F10D249}.Release|Any CPU.ActiveCfg = Release|Any CPU
		{49695D9F-1749-41F4-9579-9C0A6F10D249}.Release|Any CPU.Build.0 = Release|Any CPU
	EndGlobalSection
	GlobalSection(SolutionProperties) = preSolution
		HideSolutionNode = FALSE
	EndGlobalSection
	GlobalSection(ExtensibilityGlobals) = postSolution
		SolutionGuid = {2EEF7F66-A060-472A-9CCE-C1460DDE3AAB}
	EndGlobalSection
EndGlobal
